<Solution>
  <Folder Name="/Task0/">
    <Project Path="Tyuiu.ZaitsevMS.Sprint1.Task0.V0.Lib/Tyuiu.ZaitsevMS.Sprint1.Task0.V0.Lib.csproj" Id="beb99cfc-f7b1-4358-a1ab-0a8505eeab19" />
    <Project Path="Tyuiu.ZaitsevMS.Sprint1.Task0.V0.Test/Tyuiu.ZaitsevMS.Sprint1.Task0.V0.Test.csproj" Id="be68d53a-e0f8-42ac-a57e-8b1addfd246b" />
    <Project Path="Tyuiu.ZaitsevMS.Sprint1.Task0.V0/Tyuiu.ZaitsevMS.Sprint1.Task0.V0.csproj" Id="a8e5b232-0c0d-4539-9006-5092b3891338" />
  </Folder>
  <Folder Name="/Task1/">
    <Project Path="Tyuiu.ZaitsevMS.Sprint1.Task1.V0.Lib/Tyuiu.ZaitsevMS.Sprint1.Task1.V0.Lib.csproj" Id="e95ead6a-4640-4275-ba67-d6236a7c94e3" />
    <Project Path="Tyuiu.ZaitsevMS.Sprint1.Task1.V0.Test/Tyuiu.ZaitsevMS.Sprint1.Task1.V0.Test.csproj" Id="f31671c8-f8a6-4055-959d-f63b764209c3" />
    <Project Path="Tyuiu.ZaitsevMS.Sprint1.Task1.V0/Tyuiu.ZaitsevMS.Sprint1.Task1.V0.csproj" Id="d4aad88f-6a18-4fa0-8809-63f20c3deea3" />
  </Folder>
  <Folder Name="/Task2/">
    <Project Path="Tyuiu.ZaitsevMS.Sprint1.Task2.V0.Lib/Tyuiu.ZaitsevMS.Sprint1.Task2.V0.Lib.csproj" Id="2613aad5-075c-4f33-8ce9-610b04b1fa3f" />
    <Project Path="Tyuiu.ZaitsevMS.Sprint1.Task2.V0.Test/Tyuiu.ZaitsevMS.Sprint1.Task2.V0.Test.csproj" Id="d798fe40-78d7-47ea-9949-00005f6d0dae" />
    <Project Path="Tyuiu.ZaitsevMS.Sprint1.Task2.V0/Tyuiu.ZaitsevMS.Sprint1.Task2.V0.csproj" Id="0aa02428-d528-40bc-a2ed-9fbd1181b085" />
  </Folder>
  <Folder Name="/Task3/">
    <Project Path="Tyuiu.ZaitsevMS.Sprint1.Task3.V0.Lib/Tyuiu.ZaitsevMS.Sprint1.Task3.V0.Lib.csproj" Id="7daade1e-b61e-4360-b08c-0e347f0081de" />
    <Project Path="Tyuiu.ZaitsevMS.Sprint1.Task3.V0.Test/Tyuiu.ZaitsevMS.Sprint1.Task3.V0.Test.csproj" Id="4049654a-c08b-4a59-b5e7-13fd076d7f0e" />
    <Project Path="Tyuiu.ZaitsevMS.Sprint1.Task3.V0/Tyuiu.ZaitsevMS.Sprint1.Task3.V0.csproj" Id="71dca453-e8e2-4c8f-8135-09376e36eb90" />
  </Folder>
  <Folder Name="/Task4/">
    <Project Path="Tyuiu.ZaitsevMS.Sprint1.Task4.V0.Lib/Tyuiu.ZaitsevMS.Sprint1.Task4.V0.Lib.csproj" Id="c6ffb510-25b8-4a21-ad5c-cdf569ace138" />
    <Project Path="Tyuiu.ZaitsevMS.Sprint1.Task4.V0.Test/Tyuiu.ZaitsevMS.Sprint1.Task4.V0.Test.csproj" Id="be0bf65d-0702-4094-b353-0587b2aaab01" />
    <Project Path="Tyuiu.ZaitsevMS.Sprint1.Task4.V0/Tyuiu.ZaitsevMS.Sprint1.Task4.V0.csproj" Id="c2d3abbf-09c0-4fb4-96c8-578716ecb9a7" />
  </Folder>
</Solution>
